github.com/evanw/esbuild v0.13.10 h1:oNk6tt8Nch0bCFTLFDklidVkF+6JNlUd7/EtaA+nzJs=
github.com/evanw/esbuild v0.13.10/go.mod h1:GG+zjdi59yh3ehDn4ZWfPcATxjPDUH53iU4ZJbp7dkY=
golang.org/x/sys v0.0.0-20210908233432-aa78b53d3365 h1:6wSTsvPddg9gc/mVEEyk9oOAoxn+bT4Z9q1zx+4RwA4=
golang.org/x/sys v0.0.0-20210908233432-aa78b53d3365/go.mod h1:oPkhp1MJrh7nUepCBck5+mAzfO9JrbApNNgaTdGDITg=
